
Microsoft Visual Studio Solution File, Format Version 12.00
# Visual Studio Version 17
VisualStudioVersion = 17.11.35327.3
MinimumVisualStudioVersion = 10.0.40219.1
Project("{FAE04EC0-301F-11D3-BF4B-00C04F79EFBC}") = "Benutzerverwaltung", "Benutzerverwaltung.csproj", "{B90D8EEB-21CB-4B28-AC33-ED2C349E35AA}"
EndProject
Global
	GlobalSection(SolutionConfigurationPlatforms) = preSolution
		Debug|Any CPU = Debug|Any CPU
		Release|Any CPU = Release|Any CPU
	EndGlobalSection
	GlobalSection(ProjectConfigurationPlatforms) = postSolution
		{B90D8EEB-21CB-4B28-AC33-ED2C349E35AA}.Debug|Any CPU.ActiveCfg = Debug|Any CPU
		{B90D8EEB-21CB-4B28-AC33-ED2C349E35AA}.Debug|Any CPU.Build.0 = Debug|Any CPU
		{B90D8EEB-21CB-4B28-AC33-ED2C349E35AA}.Release|Any CPU.ActiveCfg = Release|Any CPU
		{B90D8EEB-21CB-4B28-AC33-ED2C349E35AA}.Release|Any CPU.Build.0 = Release|Any CPU
	EndGlobalSection
	GlobalSection(SolutionProperties) = preSolution
		HideSolutionNode = FALSE
	EndGlobalSection
	GlobalSection(ExtensibilityGlobals) = postSolution
		SolutionGuid = {323D6955-E8CA-49C6-8D46-734D8D1F8E39}
	EndGlobalSection
EndGlobal
